
Microsoft Visual Studio Solution File, Format Version 12.00
# Visual Studio Version 16
VisualStudioVersion = 16.0.31702.278
MinimumVisualStudioVersion = 10.0.40219.1
Project("{FAE04EC0-301F-11D3-BF4B-00C04F79EFBC}") = "ch7_Inheritance_polymorphism", "ch7_Inheritance_polymorphism\ch7_Inheritance_polymorphism.csproj", "{F451A88E-1ACF-4722-8203-FAFB81ABB633}"
EndProject
Global
	GlobalSection(SolutionConfigurationPlatforms) = preSolution
		Debug|Any CPU = Debug|Any CPU
		Release|Any CPU = Release|Any CPU
	EndGlobalSection
	GlobalSection(ProjectConfigurationPlatforms) = postSolution
		{F451A88E-1ACF-4722-8203-FAFB81ABB633}.Debug|Any CPU.ActiveCfg = Debug|Any CPU
		{F451A88E-1ACF-4722-8203-FAFB81ABB633}.Debug|Any CPU.Build.0 = Debug|Any CPU
		{F451A88E-1ACF-4722-8203-FAFB81ABB633}.Release|Any CPU.ActiveCfg = Release|Any CPU
		{F451A88E-1ACF-4722-8203-FAFB81ABB633}.Release|Any CPU.Build.0 = Release|Any CPU
	EndGlobalSection
	GlobalSection(SolutionProperties) = preSolution
		HideSolutionNode = FALSE
	EndGlobalSection
	GlobalSection(ExtensibilityGlobals) = postSolution
		SolutionGuid = {18994F74-1E26-491C-9023-A2D71E0CBA82}
	EndGlobalSection
EndGlobal
