
Microsoft Visual Studio Solution File, Format Version 12.00
# Visual Studio Version 16
VisualStudioVersion = 16.0.31702.278
MinimumVisualStudioVersion = 10.0.40219.1
Project("{FAE04EC0-301F-11D3-BF4B-00C04F79EFBC}") = "ch6_method", "ch6_method\ch6_method.csproj", "{65096376-1D68-4C87-BDFE-F0AD99D48210}"
EndProject
Global
	GlobalSection(SolutionConfigurationPlatforms) = preSolution
		Debug|Any CPU = Debug|Any CPU
		Release|Any CPU = Release|Any CPU
	EndGlobalSection
	GlobalSection(ProjectConfigurationPlatforms) = postSolution
		{65096376-1D68-4C87-BDFE-F0AD99D48210}.Debug|Any CPU.ActiveCfg = Debug|Any CPU
		{65096376-1D68-4C87-BDFE-F0AD99D48210}.Debug|Any CPU.Build.0 = Debug|Any CPU
		{65096376-1D68-4C87-BDFE-F0AD99D48210}.Release|Any CPU.ActiveCfg = Release|Any CPU
		{65096376-1D68-4C87-BDFE-F0AD99D48210}.Release|Any CPU.Build.0 = Release|Any CPU
	EndGlobalSection
	GlobalSection(SolutionProperties) = preSolution
		HideSolutionNode = FALSE
	EndGlobalSection
	GlobalSection(ExtensibilityGlobals) = postSolution
		SolutionGuid = {7B284654-1AA8-45E1-857F-F5CB598B4A40}
	EndGlobalSection
EndGlobal
